{
  "name": "www",
  "version": "1.0.0",
  "lockfileVersion": 1,
  "requires": true,
  "dependencies": {
    "simple-scrollspy": {
      "version": "2.0.1",
      "resolved": "https://registry.npmjs.org/simple-scrollspy/-/simple-scrollspy-2.0.1.tgz",
      "integrity": "sha512-fb/Ze/qnfK3/EABCsZXBWVVSlZkU+2bAM4g3cHJloOCZi9keufxIvoXvF6LtFcYezA9FJfGMMASAv2Z1ct6xoQ=="
    }
  }
}
